// !$*UTF8*$!
{
	archiveVersion = 1;
	classes = {
	};
	objectVersion = 55;
	objects = {

/* Begin PBXBuildFile section */
		12221B2828243B9E0098D985 /* SecondState.swift in Sources */ = {isa = PBXBuildFile; fileRef = 12221B2728243B9E0098D985 /* SecondState.swift */; };
		12221B2A282440C60098D985 /* ThirdState.swift in Sources */ = {isa = PBXBuildFile; fileRef = 12221B29282440C50098D985 /* ThirdState.swift */; };
		12221B2C2824426C0098D985 /* FourthState.swift in Sources */ = {isa = PBXBuildFile; fileRef = 12221B2B2824426C0098D985 /* FourthState.swift */; };
		123CD0062824FACE00683AD0 /* SettingsFirst.swift in Sources */ = {isa = PBXBuildFile; fileRef = 123CD0052824FACE00683AD0 /* SettingsFirst.swift */; };
		123CD00828250ECF00683AD0 /* SettingsSecond.swift in Sources */ = {isa = PBXBuildFile; fileRef = 123CD00728250ECF00683AD0 /* SettingsSecond.swift */; };
		123CD00A2825240E00683AD0 /* HistoryPage.swift in Sources */ = {isa = PBXBuildFile; fileRef = 123CD0092825240E00683AD0 /* HistoryPage.swift */; };
		123CD00E2825446300683AD0 /* TabsPage.swift in Sources */ = {isa = PBXBuildFile; fileRef = 123CD00D2825446300683AD0 /* TabsPage.swift */; };
		123E5EA72823B21B003A8F0E /* PomodoroAppApp.swift in Sources */ = {isa = PBXBuildFile; fileRef = 123E5EA62823B21B003A8F0E /* PomodoroAppApp.swift */; };
		123E5EA92823B21B003A8F0E /* ContentView.swift in Sources */ = {isa = PBXBuildFile; fileRef = 123E5EA82823B21B003A8F0E /* ContentView.swift */; };
		123E5EAB2823B21C003A8F0E /* Assets.xcassets in Resources */ = {isa = PBXBuildFile; fileRef = 123E5EAA2823B21C003A8F0E /* Assets.xcassets */; };
		123E5EAE2823B21C003A8F0E /* Preview Assets.xcassets in Resources */ = {isa = PBXBuildFile; fileRef = 123E5EAD2823B21C003A8F0E /* Preview Assets.xcassets */; };
/* End PBXBuildFile section */

/* Begin PBXFileReference section */
		12221B2728243B9E0098D985 /* SecondState.swift */ = {isa = PBXFileReference; lastKnownFileType = sourcecode.swift; path = SecondState.swift; sourceTree = "<group>"; };
		12221B29282440C50098D985 /* ThirdState.swift */ = {isa = PBXFileReference; lastKnownFileType = sourcecode.swift; path = ThirdState.swift; sourceTree = "<group>"; };
		12221B2B2824426C0098D985 /* FourthState.swift */ = {isa = PBXFileReference; lastKnownFileType = sourcecode.swift; path = FourthState.swift; sourceTree = "<group>"; };
		123CD0052824FACE00683AD0 /* SettingsFirst.swift */ = {isa = PBXFileReference; lastKnownFileType = sourcecode.swift; path = SettingsFirst.swift; sourceTree = "<group>"; };
		123CD00728250ECF00683AD0 /* SettingsSecond.swift */ = {isa = PBXFileReference; lastKnownFileType = sourcecode.swift; path = SettingsSecond.swift; sourceTree = "<group>"; };
		123CD0092825240E00683AD0 /* HistoryPage.swift */ = {isa = PBXFileReference; lastKnownFileType = sourcecode.swift; path = HistoryPage.swift; sourceTree = "<group>"; };
		123CD00D2825446300683AD0 /* TabsPage.swift */ = {isa = PBXFileReference; lastKnownFileType = sourcecode.swift; path = TabsPage.swift; sourceTree = "<group>"; };
		123E5EA32823B21B003A8F0E /* PomodoroApp.app */ = {isa = PBXFileReference; explicitFileType = wrapper.application; includeInIndex = 0; path = PomodoroApp.app; sourceTree = BUILT_PRODUCTS_DIR; };
		123E5EA62823B21B003A8F0E /* PomodoroAppApp.swift */ = {isa = PBXFileReference; lastKnownFileType = sourcecode.swift; path = PomodoroAppApp.swift; sourceTree = "<group>"; };
		123E5EA82823B21B003A8F0E /* ContentView.swift */ = {isa = PBXFileReference; lastKnownFileType = sourcecode.swift; path = ContentView.swift; sourceTree = "<group>"; };
		123E5EAA2823B21C003A8F0E /* Assets.xcassets */ = {isa = PBXFileReference; lastKnownFileType = folder.assetcatalog; path = Assets.xcassets; sourceTree = "<group>"; };
		123E5EAD2823B21C003A8F0E /* Preview Assets.xcassets */ = {isa = PBXFileReference; lastKnownFileType = folder.assetcatalog; path = "Preview Assets.xcassets"; sourceTree = "<group>"; };
/* End PBXFileReference section */

/* Begin PBXFrameworksBuildPhase section */
		123E5EA02823B21B003A8F0E /* Frameworks */ = {
			isa = PBXFrameworksBuildPhase;
			buildActionMask = 2147483647;
			files = (
			);
			runOnlyForDeploymentPostprocessing = 0;
		};
/* End PBXFrameworksBuildPhase section */

/* Begin PBXGroup section */
		123E5E9A2823B21B003A8F0E = {
			isa = PBXGroup;
			children = (
				123E5EA52823B21B003A8F0E /* PomodoroApp */,
				123E5EA42823B21B003A8F0E /* Products */,
			);
			sourceTree = "<group>";
		};
		123E5EA42823B21B003A8F0E /* Products */ = {
			isa = PBXGroup;
			children = (
				123E5EA32823B21B003A8F0E /* PomodoroApp.app */,
			);
			name = Products;
			sourceTree = "<group>";
		};
		123E5EA52823B21B003A8F0E /* PomodoroApp */ = {
			isa = PBXGroup;
			children = (
				123E5EA62823B21B003A8F0E /* PomodoroAppApp.swift */,
				123CD00D2825446300683AD0 /* TabsPage.swift */,
				123E5EA82823B21B003A8F0E /* ContentView.swift */,
				12221B2728243B9E0098D985 /* SecondState.swift */,
				12221B29282440C50098D985 /* ThirdState.swift */,
				12221B2B2824426C0098D985 /* FourthState.swift */,
				123CD0052824FACE00683AD0 /* SettingsFirst.swift */,
				123CD00728250ECF00683AD0 /* SettingsSecond.swift */,
				123CD0092825240E00683AD0 /* HistoryPage.swift */,
				123E5EAA2823B21C003A8F0E /* Assets.xcassets */,
				123E5EAC2823B21C003A8F0E /* Preview Content */,
			);
			path = PomodoroApp;
			sourceTree = "<group>";
		};
		123E5EAC2823B21C003A8F0E /* Preview Content */ = {
			isa = PBXGroup;
			children = (
				123E5EAD2823B21C003A8F0E /* Preview Assets.xcassets */,
			);
			path = "Preview Content";
			sourceTree = "<group>";
		};
/* End PBXGroup section */

/* Begin PBXNativeTarget section */
		123E5EA22823B21B003A8F0E /* PomodoroApp */ = {
			isa = PBXNativeTarget;
			buildConfigurationList = 123E5EB12823B21C003A8F0E /* Build configuration list for PBXNativeTarget "PomodoroApp" */;
			buildPhases = (
				123E5E9F2823B21B003A8F0E /* Sources */,
				123E5EA02823B21B003A8F0E /* Frameworks */,
				123E5EA12823B21B003A8F0E /* Resources */,
			);
			buildRules = (
			);
			dependencies = (
			);
			name = PomodoroApp;
			productName = PomodoroApp;
			productReference = 123E5EA32823B21B003A8F0E /* PomodoroApp.app */;
			productType = "com.apple.product-type.application";
		};
/* End PBXNativeTarget section */

/* Begin PBXProject section */
		123E5E9B2823B21B003A8F0E /* Project object */ = {
			isa = PBXProject;
			attributes = {
				BuildIndependentTargetsInParallel = 1;
				LastSwiftUpdateCheck = 1330;
				LastUpgradeCheck = 1330;
				TargetAttributes = {
					123E5EA22823B21B003A8F0E = {
						CreatedOnToolsVersion = 13.3.1;
					};
				};
			};
			buildConfigurationList = 123E5E9E2823B21B003A8F0E /* Build configuration list for PBXProject "PomodoroApp" */;
			compatibilityVersion = "Xcode 13.0";
			developmentRegion = en;
			hasScannedForEncodings = 0;
			knownRegions = (
				en,
				Base,
			);
			mainGroup = 123E5E9A2823B21B003A8F0E;
			productRefGroup = 123E5EA42823B21B003A8F0E /* Products */;
			projectDirPath = "";
			projectRoot = "";
			targets = (
				123E5EA22823B21B003A8F0E /* PomodoroApp */,
			);
		};
/* End PBXProject section */

/* Begin PBXResourcesBuildPhase section */
		123E5EA12823B21B003A8F0E /* Resources */ = {
			isa = PBXResourcesBuildPhase;
			buildActionMask = 2147483647;
			files = (
				123E5EAE2823B21C003A8F0E /* Preview Assets.xcassets in Resources */,
				123E5EAB2823B21C003A8F0E /* Assets.xcassets in Resources */,
			);
			runOnlyForDeploymentPostprocessing = 0;
		};
/* End PBXResourcesBuildPhase section */

/* Begin PBXSourcesBuildPhase section */
		123E5E9F2823B21B003A8F0E /* Sources */ = {
			isa = PBXSourcesBuildPhase;
			buildActionMask = 2147483647;
			files = (
				123CD00E2825446300683AD0 /* TabsPage.swift in Sources */,
				123CD00828250ECF00683AD0 /* SettingsSecond.swift in Sources */,
				123E5EA92823B21B003A8F0E /* ContentView.swift in Sources */,
				123CD0062824FACE00683AD0 /* SettingsFirst.swift in Sources */,
				123CD00A2825240E00683AD0 /* HistoryPage.swift in Sources */,
				123E5EA72823B21B003A8F0E /* PomodoroAppApp.swift in Sources */,
				12221B2828243B9E0098D985 /* SecondState.swift in Sources */,
				12221B2C2824426C0098D985 /* FourthState.swift in Sources */,
				12221B2A282440C60098D985 /* ThirdState.swift in Sources */,
			);
			runOnlyForDeploymentPostprocessing = 0;
		};
/* End PBXSourcesBuildPhase section */

/* Begin XCBuildConfiguration section */
		123E5EAF2823B21C003A8F0E /* Debug */ = {
			isa = XCBuildConfiguration;
			buildSettings = {
				ALWAYS_SEARCH_USER_PATHS = NO;
				CLANG_ANALYZER_NONNULL = YES;
				CLANG_ANALYZER_NUMBER_OBJECT_CONVERSION = YES_AGGRESSIVE;
				CLANG_CXX_LANGUAGE_STANDARD = "gnu++17";
				CLANG_ENABLE_MODULES = YES;
				CLANG_ENABLE_OBJC_ARC = YES;
				CLANG_ENABLE_OBJC_WEAK = YES;
				CLANG_WARN_BLOCK_CAPTURE_AUTORELEASING = YES;
				CLANG_WARN_BOOL_CONVERSION = YES;
				CLANG_WARN_COMMA = YES;
				CLANG_WARN_CONSTANT_CONVERSION = YES;
				CLANG_WARN_DEPRECATED_OBJC_IMPLEMENTATIONS = YES;
				CLANG_WARN_DIRECT_OBJC_ISA_USAGE = YES_ERROR;
				CLANG_WARN_DOCUMENTATION_COMMENTS = YES;
				CLANG_WARN_EMPTY_BODY = YES;
				CLANG_WARN_ENUM_CONVERSION = YES;
				CLANG_WARN_INFINITE_RECURSION = YES;
				CLANG_WARN_INT_CONVERSION = YES;
				CLANG_WARN_NON_LITERAL_NULL_CONVERSION = YES;
				CLANG_WARN_OBJC_IMPLICIT_RETAIN_SELF = YES;
				CLANG_WARN_OBJC_LITERAL_CONVERSION = YES;
				CLANG_WARN_OBJC_ROOT_CLASS = YES_ERROR;
				CLANG_WARN_QUOTED_INCLUDE_IN_FRAMEWORK_HEADER = YES;
				CLANG_WARN_RANGE_LOOP_ANALYSIS = YES;
				CLANG_WARN_STRICT_PROTOTYPES = YES;
				CLANG_WARN_SUSPICIOUS_MOVE = YES;
				CLANG_WARN_UNGUARDED_AVAILABILITY = YES_AGGRESSIVE;
				CLANG_WARN_UNREACHABLE_CODE = YES;
				CLANG_WARN__DUPLICATE_METHOD_MATCH = YES;
				COPY_PHASE_STRIP = NO;
				DEBUG_INFORMATION_FORMAT = dwarf;
				ENABLE_STRICT_OBJC_MSGSEND = YES;
				ENABLE_TESTABILITY = YES;
				GCC_C_LANGUAGE_STANDARD = gnu11;
				GCC_DYNAMIC_NO_PIC = NO;
				GCC_NO_COMMON_BLOCKS = YES;
				GCC_OPTIMIZATION_LEVEL = 0;
				GCC_PREPROCESSOR_DEFINITIONS = (
					"DEBUG=1",
					"$(inherited)",
				);
				GCC_WARN_64_TO_32_BIT_CONVERSION = YES;
				GCC_WARN_ABOUT_RETURN_TYPE = YES_ERROR;
				GCC_WARN_UNDECLARED_SELECTOR = YES;
				GCC_WARN_UNINITIALIZED_AUTOS = YES_AGGRESSIVE;
				GCC_WARN_UNUSED_FUNCTION = YES;
				GCC_WARN_UNUSED_VARIABLE = YES;
				IPHONEOS_DEPLOYMENT_TARGET = 15.4;
				MTL_ENABLE_DEBUG_INFO = INCLUDE_SOURCE;
				MTL_FAST_MATH = YES;
				ONLY_ACTIVE_ARCH = YES;
				SDKROOT = iphoneos;
				SWIFT_ACTIVE_COMPILATION_CONDITIONS = DEBUG;
				SWIFT_OPTIMIZATION_LEVEL = "-Onone";
			};
			name = Debug;
		};
		123E5EB02823B21C003A8F0E /* Release */ = {
			isa = XCBuildConfiguration;
			buildSettings = {
				ALWAYS_SEARCH_USER_PATHS = NO;
				CLANG_ANALYZER_NONNULL = YES;
				CLANG_ANALYZER_NUMBER_OBJECT_CONVERSION = YES_AGGRESSIVE;
				CLANG_CXX_LANGUAGE_STANDARD = "gnu++17";
				CLANG_ENABLE_MODULES = YES;
				CLANG_ENABLE_OBJC_ARC = YES;
				CLANG_ENABLE_OBJC_WEAK = YES;
				CLANG_WARN_BLOCK_CAPTURE_AUTORELEASING = YES;
				CLANG_WARN_BOOL_CONVERSION = YES;
				CLANG_WARN_COMMA = YES;
				CLANG_WARN_CONSTANT_CONVERSION = YES;
				CLANG_WARN_DEPRECATED_OBJC_IMPLEMENTATIONS = YES;
				CLANG_WARN_DIRECT_OBJC_ISA_USAGE = YES_ERROR;
				CLANG_WARN_DOCUMENTATION_COMMENTS = YES;
				CLANG_WARN_EMPTY_BODY = YES;
				CLANG_WARN_ENUM_CONVERSION = YES;
				CLANG_WARN_INFINITE_RECURSION = YES;
				CLANG_WARN_INT_CONVERSION = YES;
				CLANG_WARN_NON_LITERAL_NULL_CONVERSION = YES;
				CLANG_WARN_OBJC_IMPLICIT_RETAIN_SELF = YES;
				CLANG_WARN_OBJC_LITERAL_CONVERSION = YES;
				CLANG_WARN_OBJC_ROOT_CLASS = YES_ERROR;
				CLANG_WARN_QUOTED_INCLUDE_IN_FRAMEWORK_HEADER = YES;
				CLANG_WARN_RANGE_LOOP_ANALYSIS = YES;
				CLANG_WARN_STRICT_PROTOTYPES = YES;
				CLANG_WARN_SUSPICIOUS_MOVE = YES;
				CLANG_WARN_UNGUARDED_AVAILABILITY = YES_AGGRESSIVE;
				CLANG_WARN_UNREACHABLE_CODE = YES;
				CLANG_WARN__DUPLICATE_METHOD_MATCH = YES;
				COPY_PHASE_STRIP = NO;
				DEBUG_INFORMATION_FORMAT = "dwarf-with-dsym";
				ENABLE_NS_ASSERTIONS = NO;
				ENABLE_STRICT_OBJC_MSGSEND = YES;
				GCC_C_LANGUAGE_STANDARD = gnu11;
				GCC_NO_COMMON_BLOCKS = YES;
				GCC_WARN_64_TO_32_BIT_CONVERSION = YES;
				GCC_WARN_ABOUT_RETURN_TYPE = YES_ERROR;
				GCC_WARN_UNDECLARED_SELECTOR = YES;
				GCC_WARN_UNINITIALIZED_AUTOS = YES_AGGRESSIVE;
				GCC_WARN_UNUSED_FUNCTION = YES;
				GCC_WARN_UNUSED_VARIABLE = YES;
				IPHONEOS_DEPLOYMENT_TARGET = 15.4;
				MTL_ENABLE_DEBUG_INFO = NO;
				MTL_FAST_MATH = YES;
				SDKROOT = iphoneos;
				SWIFT_COMPILATION_MODE = wholemodule;
				SWIFT_OPTIMIZATION_LEVEL = "-O";
				VALIDATE_PRODUCT = YES;
			};
			name = Release;
		};
		123E5EB22823B21C003A8F0E /* Debug */ = {
			isa = XCBuildConfiguration;
			buildSettings = {
				ASSETCATALOG_COMPILER_APPICON_NAME = AppIcon;
				ASSETCATALOG_COMPILER_GLOBAL_ACCENT_COLOR_NAME = AccentColor;
				CODE_SIGN_STYLE = Automatic;
				CURRENT_PROJECT_VERSION = 1;
				DEVELOPMENT_ASSET_PATHS = "\"PomodoroApp/Preview Content\"";
				ENABLE_PREVIEWS = YES;
				GENERATE_INFOPLIST_FILE = YES;
				INFOPLIST_KEY_UIApplicationSceneManifest_Generation = YES;
				INFOPLIST_KEY_UIApplicationSupportsIndirectInputEvents = YES;
				INFOPLIST_KEY_UILaunchScreen_Generation = YES;
				INFOPLIST_KEY_UISupportedInterfaceOrientations_iPad = "UIInterfaceOrientationPortrait UIInterfaceOrientationPortraitUpsideDown UIInterfaceOrientationLandscapeLeft UIInterfaceOrientationLandscapeRight";
				INFOPLIST_KEY_UISupportedInterfaceOrientations_iPhone = "UIInterfaceOrientationPortrait UIInterfaceOrientationLandscapeLeft UIInterfaceOrientationLandscapeRight";
				LD_RUNPATH_SEARCH_PATHS = (
					"$(inherited)",
					"@executable_path/Frameworks",
				);
				MARKETING_VERSION = 1.0;
				PRODUCT_BUNDLE_IDENTIFIER = q.PomodoroApp;
				PRODUCT_NAME = "$(TARGET_NAME)";
				SWIFT_EMIT_LOC_STRINGS = YES;
				SWIFT_VERSION = 5.0;
				TARGETED_DEVICE_FAMILY = "1,2";
			};
			name = Debug;
		};
		123E5EB32823B21C003A8F0E /* Release */ = {
			isa = XCBuildConfiguration;
			buildSettings = {
				ASSETCATALOG_COMPILER_APPICON_NAME = AppIcon;
				ASSETCATALOG_COMPILER_GLOBAL_ACCENT_COLOR_NAME = AccentColor;
				CODE_SIGN_STYLE = Automatic;
				CURRENT_PROJECT_VERSION = 1;
				DEVELOPMENT_ASSET_PATHS = "\"PomodoroApp/Preview Content\"";
				ENABLE_PREVIEWS = YES;
				GENERATE_INFOPLIST_FILE = YES;
				INFOPLIST_KEY_UIApplicationSceneManifest_Generation = YES;
				INFOPLIST_KEY_UIApplicationSupportsIndirectInputEvents = YES;
				INFOPLIST_KEY_UILaunchScreen_Generation = YES;
				INFOPLIST_KEY_UISupportedInterfaceOrientations_iPad = "UIInterfaceOrientationPortrait UIInterfaceOrientationPortraitUpsideDown UIInterfaceOrientationLandscapeLeft UIInterfaceOrientationLandscapeRight";
				INFOPLIST_KEY_UISupportedInterfaceOrientations_iPhone = "UIInterfaceOrientationPortrait UIInterfaceOrientationLandscapeLeft UIInterfaceOrientationLandscapeRight";
				LD_RUNPATH_SEARCH_PATHS = (
					"$(inherited)",
					"@executable_path/Frameworks",
				);
				MARKETING_VERSION = 1.0;
				PRODUCT_BUNDLE_IDENTIFIER = q.PomodoroApp;
				PRODUCT_NAME = "$(TARGET_NAME)";
				SWIFT_EMIT_LOC_STRINGS = YES;
				SWIFT_VERSION = 5.0;
				TARGETED_DEVICE_FAMILY = "1,2";
			};
			name = Release;
		};
/* End XCBuildConfiguration section */

/* Begin XCConfigurationList section */
		123E5E9E2823B21B003A8F0E /* Build configuration list for PBXProject "PomodoroApp" */ = {
			isa = XCConfigurationList;
			buildConfigurations = (
				123E5EAF2823B21C003A8F0E /* Debug */,
				123E5EB02823B21C003A8F0E /* Release */,
			);
			defaultConfigurationIsVisible = 0;
			defaultConfigurationName = Release;
		};
		123E5EB12823B21C003A8F0E /* Build configuration list for PBXNativeTarget "PomodoroApp" */ = {
			isa = XCConfigurationList;
			buildConfigurations = (
				123E5EB22823B21C003A8F0E /* Debug */,
				123E5EB32823B21C003A8F0E /* Release */,
			);
			defaultConfigurationIsVisible = 0;
			defaultConfigurationName = Release;
		};
/* End XCConfigurationList section */
	};
	rootObject = 123E5E9B2823B21B003A8F0E /* Project object */;
}
